{
  "version": 4,
  "terraform_version": "1.13.4",
  "serial": 1,
  "lineage": "6037537c-a7f3-184f-4c4b-3afa2a22fde0",
  "outputs": {
    "container_name": {
      "value": "terraform-nginx",
      "type": "string"
    }
  },
  "resources": [
    {
      "mode": "managed",
      "type": "docker_image",
      "name": "nginx_image",
      "provider": "provider[\"registry.terraform.io/kreuzwerker/docker\"]",
      "instances": [
        {
          "schema_version": 0,
          "attributes": {
            "build": [],
            "force_remove": null,
            "id": "sha256:657fdcd1c3659cf57cfaa13f40842e0a26b49ec9654d48fdefee9fc8259b4aabnginx:latest",
            "image_id": "sha256:657fdcd1c3659cf57cfaa13f40842e0a26b49ec9654d48fdefee9fc8259b4aab",
            "keep_locally": false,
            "name": "nginx:latest",
            "platform": null,
            "pull_triggers": null,
            "repo_digest": "nginx@sha256:029d4461bd98f124e531380505ceea2072418fdf28752aa73b7b273ba3048903",
            "triggers": null
          },
          "sensitive_attributes": [],
          "identity_schema_version": 0,
          "private": "bnVsbA=="
        }
      ]
    }
  ],
  "check_results": null
}
